PODS:
  - AFNetworking (2.5.0):
    - AFNetworking/NSURLConnection (= 2.5.0)
    - AFNetworking/NSURLSession (= 2.5.0)
    - AFNetworking/Reachability (= 2.5.0)
    - AFNetworking/Security (= 2.5.0)
    - AFNetworking/Serialization (= 2.5.0)
    - AFNetworking/UIKit (= 2.5.0)
  - AFNetworking/NSURLConnection (2.5.0):
    - AFNetworking/Reachability
    - AFNetworking/Security
    - AFNetworking/Serialization
  - AFNetworking/NSURLSession (2.5.0):
    - AFNetworking/Reachability
    - AFNetworking/Security
    - AFNetworking/Serialization
  - AFNetworking/Reachability (2.5.0)
  - AFNetworking/Security (2.5.0)
  - AFNetworking/Serialization (2.5.0)
  - AFNetworking/UIKit (2.5.0):
    - AFNetworking/NSURLConnection
    - AFNetworking/NSURLSession
  - CSStickyHeaderFlowLayout (0.2.3)
  - EDColor (0.4.0)
  - FontAwesomeKit/Core (2.2.0)
  - FontAwesomeKit/FontAwesome (2.2.0):
    - FontAwesomeKit/Core
  - libPusher (1.6):
    - libPusher/Core (= 1.6)
  - libPusher/Core (1.6):
    - SocketRocket (= 0.3.1-beta2)
  - Mixpanel (2.7.2):
    - Mixpanel/MPCategoryHelpers (= 2.7.2)
  - Mixpanel/MPCategoryHelpers (2.7.2)
  - MPGNotification (1.2)
  - ReactiveCocoa (2.4.7):
    - ReactiveCocoa/UI (= 2.4.7)
  - ReactiveCocoa/Core (2.4.7):
    - ReactiveCocoa/no-arc
  - ReactiveCocoa/no-arc (2.4.7)
  - ReactiveCocoa/UI (2.4.7):
    - ReactiveCocoa/Core
  - SDWebImage (3.7.1):
    - SDWebImage/Core (= 3.7.1)
  - SDWebImage/Core (3.7.1)
  - SocketRocket (0.3.1-beta2)
  - ZFDragableModalTransition (0.4)

DEPENDENCIES:
  - AFNetworking
  - CSStickyHeaderFlowLayout
  - EDColor
  - FontAwesomeKit/FontAwesome
  - libPusher (~> 1.6)
  - Mixpanel
  - MPGNotification (from `git@github.com:MikeSilvis/MPGNotification.git`)
  - ReactiveCocoa
  - SDWebImage
  - ZFDragableModalTransition (from `git@github.com:MikeSilvis/ZFDragableModalTransition.git`,
    branch `adding-top-and-mutliple-transitions`)

EXTERNAL SOURCES:
  MPGNotification:
    :git: git@github.com:MikeSilvis/MPGNotification.git
  ZFDragableModalTransition:
    :branch: adding-top-and-mutliple-transitions
    :git: git@github.com:MikeSilvis/ZFDragableModalTransition.git

CHECKOUT OPTIONS:
  MPGNotification:
    :commit: b7490b68787f953766e86783bdeda55126c3b5bd
    :git: git@github.com:MikeSilvis/MPGNotification.git
  ZFDragableModalTransition:
    :commit: dff2fad044b8fc1e0ba9789fab82db28b21ecb5d
    :git: git@github.com:MikeSilvis/ZFDragableModalTransition.git

SPEC CHECKSUMS:
  AFNetworking: 96ac9bf3eda33582701cb1fcc5b896aa1e20311e
  CSStickyHeaderFlowLayout: 42633a45d33abd6dd6937b81b6d2381e01c86835
  EDColor: 89d19a013279a5604d61650721c15f20fefaaf00
  FontAwesomeKit: 025fd4dd1017fe4e3f8d47b03e024deedbb33cd4
  libPusher: f9367ede8f5141e74adc90ba20536cbc3c7b68e1
  Mixpanel: e9bcb16eb0e2a98fc330ceeb0d8b7f4aec4182ab
  MPGNotification: 1867636ecd7a57e065b045f079a92a493f3a84b2
  ReactiveCocoa: eb38dee0a0e698f73a9b25e5c1faea2bb4c79240
  SDWebImage: ed3095af2ff88b436426037444979b917f6c5575
  SocketRocket: 7284ab9370a06c99aba92b2fe3a32aedd0f9a6fa
  ZFDragableModalTransition: 3bef5014b8d8d4e561deef8a8a091136a0b42af8

COCOAPODS: 0.36.3
